# This file was autogenerated by Stack.
# You should not edit this file by hand.
# For more information, please see the documentation at:
#   https://docs.haskellstack.org/en/stable/lock_files

packages: []
snapshots:
- completed:
    sha256: 917b397e40f0d5bc99e350f5bc5921456f091cf35b61a869838e14dfbc46e6e1
    size: 684486
    url: https://raw.githubusercontent.com/commercialhaskell/stackage-snapshots/master/nightly/2023/10/9.yaml
  original: nightly-2023-10-09
